// !$*UTF8*$!
{
	archiveVersion = 1;
	classes = {
	};
	objectVersion = 46;
	objects = {

/* Begin PBXBuildFile section */
		933FF0F4190A11B600B86056 /* BRBaseViewController.m in Sources */ = {isa = PBXBuildFile; fileRef = 933FF0F3190A11B600B86056 /* BRBaseViewController.m */; };
		933FF0F7190A127500B86056 /* BRLoginViewController.m in Sources */ = {isa = PBXBuildFile; fileRef = 933FF0F6190A127500B86056 /* BRLoginViewController.m */; };
		933FF133190A412A00B86056 /* NSAlert+MKNetworkKitAdditions.m in Sources */ = {isa = PBXBuildFile; fileRef = 933FF11E190A412A00B86056 /* NSAlert+MKNetworkKitAdditions.m */; };
		933FF134190A412A00B86056 /* NSData+MKBase64.m in Sources */ = {isa = PBXBuildFile; fileRef = 933FF120190A412A00B86056 /* NSData+MKBase64.m */; };
		933FF135190A412A00B86056 /* NSDate+RFC1123.m in Sources */ = {isa = PBXBuildFile; fileRef = 933FF122190A412A00B86056 /* NSDate+RFC1123.m */; };
		933FF136190A412A00B86056 /* NSDictionary+RequestEncoding.m in Sources */ = {isa = PBXBuildFile; fileRef = 933FF124190A412A00B86056 /* NSDictionary+RequestEncoding.m */; };
		933FF137190A412A00B86056 /* NSString+MKNetworkKitAdditions.m in Sources */ = {isa = PBXBuildFile; fileRef = 933FF126190A412A00B86056 /* NSString+MKNetworkKitAdditions.m */; };
		933FF138190A412A00B86056 /* UIAlertView+MKNetworkKitAdditions.m in Sources */ = {isa = PBXBuildFile; fileRef = 933FF128190A412A00B86056 /* UIAlertView+MKNetworkKitAdditions.m */; };
		933FF139190A412A00B86056 /* UIImageView+MKNetworkKitAdditions.m in Sources */ = {isa = PBXBuildFile; fileRef = 933FF12A190A412A00B86056 /* UIImageView+MKNetworkKitAdditions.m */; };
		933FF13A190A412A00B86056 /* MKNetworkEngine.m in Sources */ = {isa = PBXBuildFile; fileRef = 933FF12C190A412A00B86056 /* MKNetworkEngine.m */; };
		933FF13B190A412A00B86056 /* MKNetworkOperation.m in Sources */ = {isa = PBXBuildFile; fileRef = 933FF12F190A412A00B86056 /* MKNetworkOperation.m */; };
		933FF13C190A412A00B86056 /* Reachability.m in Sources */ = {isa = PBXBuildFile; fileRef = 933FF132190A412A00B86056 /* Reachability.m */; };
		933FF13F190A41A400B86056 /* BRWeiboSDKManager.m in Sources */ = {isa = PBXBuildFile; fileRef = 933FF13E190A41A400B86056 /* BRWeiboSDKManager.m */; };
		933FF142190A424800B86056 /* BRAppContext.m in Sources */ = {isa = PBXBuildFile; fileRef = 933FF141190A424800B86056 /* BRAppContext.m */; };
		933FF145190A42BB00B86056 /* BRAppConfig.m in Sources */ = {isa = PBXBuildFile; fileRef = 933FF144190A42BB00B86056 /* BRAppConfig.m */; };
		933FF148190A431100B86056 /* BRAppUser.m in Sources */ = {isa = PBXBuildFile; fileRef = 933FF147190A431100B86056 /* BRAppUser.m */; };
		93E803241909FDE7004613BA /* Foundation.framework in Frameworks */ = {isa = PBXBuildFile; fileRef = 93E803231909FDE7004613BA /* Foundation.framework */; };
		93E803261909FDE7004613BA /* CoreGraphics.framework in Frameworks */ = {isa = PBXBuildFile; fileRef = 93E803251909FDE7004613BA /* CoreGraphics.framework */; };
		93E803281909FDE7004613BA /* UIKit.framework in Frameworks */ = {isa = PBXBuildFile; fileRef = 93E803271909FDE7004613BA /* UIKit.framework */; };
		93E8032E1909FDE7004613BA /* InfoPlist.strings in Resources */ = {isa = PBXBuildFile; fileRef = 93E8032C1909FDE7004613BA /* InfoPlist.strings */; };
		93E803301909FDE7004613BA /* main.m in Sources */ = {isa = PBXBuildFile; fileRef = 93E8032F1909FDE7004613BA /* main.m */; };
		93E803341909FDE7004613BA /* BRAppDelegate.m in Sources */ = {isa = PBXBuildFile; fileRef = 93E803331909FDE7004613BA /* BRAppDelegate.m */; };
		93E803371909FDE8004613BA /* Main.storyboard in Resources */ = {isa = PBXBuildFile; fileRef = 93E803351909FDE8004613BA /* Main.storyboard */; };
		93E8033A1909FDE8004613BA /* BRFirstViewController.m in Sources */ = {isa = PBXBuildFile; fileRef = 93E803391909FDE8004613BA /* BRFirstViewController.m */; };
		93E8033D1909FDE8004613BA /* BRSecondViewController.m in Sources */ = {isa = PBXBuildFile; fileRef = 93E8033C1909FDE8004613BA /* BRSecondViewController.m */; };
		93E8033F1909FDE8004613BA /* Images.xcassets in Resources */ = {isa = PBXBuildFile; fileRef = 93E8033E1909FDE8004613BA /* Images.xcassets */; };
		93E803461909FDE8004613BA /* XCTest.framework in Frameworks */ = {isa = PBXBuildFile; fileRef = 93E803451909FDE8004613BA /* XCTest.framework */; };
		93E803471909FDE8004613BA /* Foundation.framework in Frameworks */ = {isa = PBXBuildFile; fileRef = 93E803231909FDE7004613BA /* Foundation.framework */; };
		93E803481909FDE8004613BA /* UIKit.framework in Frameworks */ = {isa = PBXBuildFile; fileRef = 93E803271909FDE7004613BA /* UIKit.framework */; };
		93E803501909FDE8004613BA /* InfoPlist.strings in Resources */ = {isa = PBXBuildFile; fileRef = 93E8034E1909FDE8004613BA /* InfoPlist.strings */; };
		93E803521909FDE8004613BA /* BadRenterTests.m in Sources */ = {isa = PBXBuildFile; fileRef = 93E803511909FDE8004613BA /* BadRenterTests.m */; };
		93F18762190A054F00E43644 /* libWeiboSDK.a in Frameworks */ = {isa = PBXBuildFile; fileRef = 93F1875F190A054F00E43644 /* libWeiboSDK.a */; };
		93F18763190A054F00E43644 /* WeiboSDK.bundle in Resources */ = {isa = PBXBuildFile; fileRef = 93F18760190A054F00E43644 /* WeiboSDK.bundle */; };
/* End PBXBuildFile section */

/* Begin PBXContainerItemProxy section */
		93E803491909FDE8004613BA /* PBXContainerItemProxy */ = {
			isa = PBXContainerItemProxy;
			containerPortal = 93E803181909FDE7004613BA /* Project object */;
			proxyType = 1;
			remoteGlobalIDString = 93E8031F1909FDE7004613BA;
			remoteInfo = BadRenter;
		};
/* End PBXContainerItemProxy section */

/* Begin PBXFileReference section */
		933FF0F2190A11B600B86056 /* BRBaseViewController.h */ = {isa = PBXFileReference; fileEncoding = 4; lastKnownFileType = sourcecode.c.h; path = BRBaseViewController.h; sourceTree = "<group>"; };
		933FF0F3190A11B600B86056 /* BRBaseViewController.m */ = {isa = PBXFileReference; fileEncoding = 4; lastKnownFileType = sourcecode.c.objc; path = BRBaseViewController.m; sourceTree = "<group>"; };
		933FF0F5190A127500B86056 /* BRLoginViewController.h */ = {isa = PBXFileReference; fileEncoding = 4; lastKnownFileType = sourcecode.c.h; path = BRLoginViewController.h; sourceTree = "<group>"; };
		933FF0F6190A127500B86056 /* BRLoginViewController.m */ = {isa = PBXFileReference; fileEncoding = 4; lastKnownFileType = sourcecode.c.objc; path = BRLoginViewController.m; sourceTree = "<group>"; };
		933FF11D190A412A00B86056 /* NSAlert+MKNetworkKitAdditions.h */ = {isa = PBXFileReference; fileEncoding = 4; lastKnownFileType = sourcecode.c.h; path = "NSAlert+MKNetworkKitAdditions.h"; sourceTree = "<group>"; };
		933FF11E190A412A00B86056 /* NSAlert+MKNetworkKitAdditions.m */ = {isa = PBXFileReference; fileEncoding = 4; lastKnownFileType = sourcecode.c.objc; path = "NSAlert+MKNetworkKitAdditions.m"; sourceTree = "<group>"; };
		933FF11F190A412A00B86056 /* NSData+MKBase64.h */ = {isa = PBXFileReference; fileEncoding = 4; lastKnownFileType = sourcecode.c.h; path = "NSData+MKBase64.h"; sourceTree = "<group>"; };
		933FF120190A412A00B86056 /* NSData+MKBase64.m */ = {isa = PBXFileReference; fileEncoding = 4; lastKnownFileType = sourcecode.c.objc; path = "NSData+MKBase64.m"; sourceTree = "<group>"; };
		933FF121190A412A00B86056 /* NSDate+RFC1123.h */ = {isa = PBXFileReference; fileEncoding = 4; lastKnownFileType = sourcecode.c.h; path = "NSDate+RFC1123.h"; sourceTree = "<group>"; };
		933FF122190A412A00B86056 /* NSDate+RFC1123.m */ = {isa = PBXFileReference; fileEncoding = 4; lastKnownFileType = sourcecode.c.objc; path = "NSDate+RFC1123.m"; sourceTree = "<group>"; };
		933FF123190A412A00B86056 /* NSDictionary+RequestEncoding.h */ = {isa = PBXFileReference; fileEncoding = 4; lastKnownFileType = sourcecode.c.h; path = "NSDictionary+RequestEncoding.h"; sourceTree = "<group>"; };
		933FF124190A412A00B86056 /* NSDictionary+RequestEncoding.m */ = {isa = PBXFileReference; fileEncoding = 4; lastKnownFileType = sourcecode.c.objc; path = "NSDictionary+RequestEncoding.m"; sourceTree = "<group>"; };
		933FF125190A412A00B86056 /* NSString+MKNetworkKitAdditions.h */ = {isa = PBXFileReference; fileEncoding = 4; lastKnownFileType = sourcecode.c.h; path = "NSString+MKNetworkKitAdditions.h"; sourceTree = "<group>"; };
		933FF126190A412A00B86056 /* NSString+MKNetworkKitAdditions.m */ = {isa = PBXFileReference; fileEncoding = 4; lastKnownFileType = sourcecode.c.objc; path = "NSString+MKNetworkKitAdditions.m"; sourceTree = "<group>"; };
		933FF127190A412A00B86056 /* UIAlertView+MKNetworkKitAdditions.h */ = {isa = PBXFileReference; fileEncoding = 4; lastKnownFileType = sourcecode.c.h; path = "UIAlertView+MKNetworkKitAdditions.h"; sourceTree = "<group>"; };
		933FF128190A412A00B86056 /* UIAlertView+MKNetworkKitAdditions.m */ = {isa = PBXFileReference; fileEncoding = 4; lastKnownFileType = sourcecode.c.objc; path = "UIAlertView+MKNetworkKitAdditions.m"; sourceTree = "<group>"; };
		933FF129190A412A00B86056 /* UIImageView+MKNetworkKitAdditions.h */ = {isa = PBXFileReference; fileEncoding = 4; lastKnownFileType = sourcecode.c.h; path = "UIImageView+MKNetworkKitAdditions.h"; sourceTree = "<group>"; };
		933FF12A190A412A00B86056 /* UIImageView+MKNetworkKitAdditions.m */ = {isa = PBXFileReference; fileEncoding = 4; lastKnownFileType = sourcecode.c.objc; path = "UIImageView+MKNetworkKitAdditions.m"; sourceTree = "<group>"; };
		933FF12B190A412A00B86056 /* MKNetworkEngine.h */ = {isa = PBXFileReference; fileEncoding = 4; lastKnownFileType = sourcecode.c.h; path = MKNetworkEngine.h; sourceTree = "<group>"; };
		933FF12C190A412A00B86056 /* MKNetworkEngine.m */ = {isa = PBXFileReference; fileEncoding = 4; lastKnownFileType = sourcecode.c.objc; path = MKNetworkEngine.m; sourceTree = "<group>"; };
		933FF12D190A412A00B86056 /* MKNetworkKit.h */ = {isa = PBXFileReference; fileEncoding = 4; lastKnownFileType = sourcecode.c.h; path = MKNetworkKit.h; sourceTree = "<group>"; };
		933FF12E190A412A00B86056 /* MKNetworkOperation.h */ = {isa = PBXFileReference; fileEncoding = 4; lastKnownFileType = sourcecode.c.h; path = MKNetworkOperation.h; sourceTree = "<group>"; };
		933FF12F190A412A00B86056 /* MKNetworkOperation.m */ = {isa = PBXFileReference; fileEncoding = 4; lastKnownFileType = sourcecode.c.objc; path = MKNetworkOperation.m; sourceTree = "<group>"; };
		933FF131190A412A00B86056 /* Reachability.h */ = {isa = PBXFileReference; fileEncoding = 4; lastKnownFileType = sourcecode.c.h; path = Reachability.h; sourceTree = "<group>"; };
		933FF132190A412A00B86056 /* Reachability.m */ = {isa = PBXFileReference; fileEncoding = 4; lastKnownFileType = sourcecode.c.objc; path = Reachability.m; sourceTree = "<group>"; };
		933FF13D190A41A400B86056 /* BRWeiboSDKManager.h */ = {isa = PBXFileReference; fileEncoding = 4; lastKnownFileType = sourcecode.c.h; path = BRWeiboSDKManager.h; sourceTree = "<group>"; };
		933FF13E190A41A400B86056 /* BRWeiboSDKManager.m */ = {isa = PBXFileReference; fileEncoding = 4; lastKnownFileType = sourcecode.c.objc; path = BRWeiboSDKManager.m; sourceTree = "<group>"; };
		933FF140190A424800B86056 /* BRAppContext.h */ = {isa = PBXFileReference; fileEncoding = 4; lastKnownFileType = sourcecode.c.h; path = BRAppContext.h; sourceTree = "<group>"; };
		933FF141190A424800B86056 /* BRAppContext.m */ = {isa = PBXFileReference; fileEncoding = 4; lastKnownFileType = sourcecode.c.objc; path = BRAppContext.m; sourceTree = "<group>"; };
		933FF143190A42BB00B86056 /* BRAppConfig.h */ = {isa = PBXFileReference; fileEncoding = 4; lastKnownFileType = sourcecode.c.h; path = BRAppConfig.h; sourceTree = "<group>"; };
		933FF144190A42BB00B86056 /* BRAppConfig.m */ = {isa = PBXFileReference; fileEncoding = 4; lastKnownFileType = sourcecode.c.objc; path = BRAppConfig.m; sourceTree = "<group>"; };
		933FF146190A431100B86056 /* BRAppUser.h */ = {isa = PBXFileReference; fileEncoding = 4; lastKnownFileType = sourcecode.c.h; path = BRAppUser.h; sourceTree = "<group>"; };
		933FF147190A431100B86056 /* BRAppUser.m */ = {isa = PBXFileReference; fileEncoding = 4; lastKnownFileType = sourcecode.c.objc; path = BRAppUser.m; sourceTree = "<group>"; };
		93E803201909FDE7004613BA /* BadRenter.app */ = {isa = PBXFileReference; explicitFileType = wrapper.application; includeInIndex = 0; path = BadRenter.app; sourceTree = BUILT_PRODUCTS_DIR; };
		93E803231909FDE7004613BA /* Foundation.framework */ = {isa = PBXFileReference; lastKnownFileType = wrapper.framework; name = Foundation.framework; path = System/Library/Frameworks/Foundation.framework; sourceTree = SDKROOT; };
		93E803251909FDE7004613BA /* CoreGraphics.framework */ = {isa = PBXFileReference; lastKnownFileType = wrapper.framework; name = CoreGraphics.framework; path = System/Library/Frameworks/CoreGraphics.framework; sourceTree = SDKROOT; };
		93E803271909FDE7004613BA /* UIKit.framework */ = {isa = PBXFileReference; lastKnownFileType = wrapper.framework; name = UIKit.framework; path = System/Library/Frameworks/UIKit.framework; sourceTree = SDKROOT; };
		93E8032B1909FDE7004613BA /* BadRenter-Info.plist */ = {isa = PBXFileReference; lastKnownFileType = text.plist.xml; path = "BadRenter-Info.plist"; sourceTree = "<group>"; };
		93E8032D1909FDE7004613BA /* en */ = {isa = PBXFileReference; lastKnownFileType = text.plist.strings; name = en; path = en.lproj/InfoPlist.strings; sourceTree = "<group>"; };
		93E8032F1909FDE7004613BA /* main.m */ = {isa = PBXFileReference; lastKnownFileType = sourcecode.c.objc; path = main.m; sourceTree = "<group>"; };
		93E803311909FDE7004613BA /* BadRenter-Prefix.pch */ = {isa = PBXFileReference; lastKnownFileType = sourcecode.c.h; path = "BadRenter-Prefix.pch"; sourceTree = "<group>"; };
		93E803321909FDE7004613BA /* BRAppDelegate.h */ = {isa = PBXFileReference; lastKnownFileType = sourcecode.c.h; path = BRAppDelegate.h; sourceTree = "<group>"; };
		93E803331909FDE7004613BA /* BRAppDelegate.m */ = {isa = PBXFileReference; lastKnownFileType = sourcecode.c.objc; path = BRAppDelegate.m; sourceTree = "<group>"; };
		93E803361909FDE8004613BA /* Base */ = {isa = PBXFileReference; lastKnownFileType = file.storyboard; name = Base; path = Base.lproj/Main.storyboard; sourceTree = "<group>"; };
		93E803381909FDE8004613BA /* BRFirstViewController.h */ = {isa = PBXFileReference; lastKnownFileType = sourcecode.c.h; name = BRFirstViewController.h; path = ../BRFirstViewController.h; sourceTree = "<group>"; };
		93E803391909FDE8004613BA /* BRFirstViewController.m */ = {isa = PBXFileReference; lastKnownFileType = sourcecode.c.objc; name = BRFirstViewController.m; path = ../BRFirstViewController.m; sourceTree = "<group>"; };
		93E8033B1909FDE8004613BA /* BRSecondViewController.h */ = {isa = PBXFileReference; lastKnownFileType = sourcecode.c.h; name = BRSecondViewController.h; path = ../BRSecondViewController.h; sourceTree = "<group>"; };
		93E8033C1909FDE8004613BA /* BRSecondViewController.m */ = {isa = PBXFileReference; lastKnownFileType = sourcecode.c.objc; name = BRSecondViewController.m; path = ../BRSecondViewController.m; sourceTree = "<group>"; };
		93E8033E1909FDE8004613BA /* Images.xcassets */ = {isa = PBXFileReference; lastKnownFileType = folder.assetcatalog; path = Images.xcassets; sourceTree = "<group>"; };
		93E803441909FDE8004613BA /* BadRenterTests.xctest */ = {isa = PBXFileReference; explicitFileType = wrapper.cfbundle; includeInIndex = 0; path = BadRenterTests.xctest; sourceTree = BUILT_PRODUCTS_DIR; };
		93E803451909FDE8004613BA /* XCTest.framework */ = {isa = PBXFileReference; lastKnownFileType = wrapper.framework; name = XCTest.framework; path = Library/Frameworks/XCTest.framework; sourceTree = DEVELOPER_DIR; };
		93E8034D1909FDE8004613BA /* BadRenterTests-Info.plist */ = {isa = PBXFileReference; lastKnownFileType = text.plist.xml; path = "BadRenterTests-Info.plist"; sourceTree = "<group>"; };
		93E8034F1909FDE8004613BA /* en */ = {isa = PBXFileReference; lastKnownFileType = text.plist.strings; name = en; path = en.lproj/InfoPlist.strings; sourceTree = "<group>"; };
		93E803511909FDE8004613BA /* BadRenterTests.m */ = {isa = PBXFileReference; lastKnownFileType = sourcecode.c.objc; path = BadRenterTests.m; sourceTree = "<group>"; };
		93F1875F190A054F00E43644 /* libWeiboSDK.a */ = {isa = PBXFileReference; lastKnownFileType = archive.ar; path = libWeiboSDK.a; sourceTree = "<group>"; };
		93F18760190A054F00E43644 /* WeiboSDK.bundle */ = {isa = PBXFileReference; lastKnownFileType = "wrapper.plug-in"; path = WeiboSDK.bundle; sourceTree = "<group>"; };
		93F18761190A054F00E43644 /* WeiboSDK.h */ = {isa = PBXFileReference; fileEncoding = 4; lastKnownFileType = sourcecode.c.h; path = WeiboSDK.h; sourceTree = "<group>"; };
/* End PBXFileReference section */

/* Begin PBXFrameworksBuildPhase section */
		93E8031D1909FDE7004613BA /* Frameworks */ = {
			isa = PBXFrameworksBuildPhase;
			buildActionMask = 2147483647;
			files = (
				93E803261909FDE7004613BA /* CoreGraphics.framework in Frameworks */,
				93E803281909FDE7004613BA /* UIKit.framework in Frameworks */,
				93E803241909FDE7004613BA /* Foundation.framework in Frameworks */,
				93F18762190A054F00E43644 /* libWeiboSDK.a in Frameworks */,
			);
			runOnlyForDeploymentPostprocessing = 0;
		};
		93E803411909FDE8004613BA /* Frameworks */ = {
			isa = PBXFrameworksBuildPhase;
			buildActionMask = 2147483647;
			files = (
				93E803461909FDE8004613BA /* XCTest.framework in Frameworks */,
				93E803481909FDE8004613BA /* UIKit.framework in Frameworks */,
				93E803471909FDE8004613BA /* Foundation.framework in Frameworks */,
			);
			runOnlyForDeploymentPostprocessing = 0;
		};
/* End PBXFrameworksBuildPhase section */

/* Begin PBXGroup section */
		933FF0F1190A119F00B86056 /* BRViewController */ = {
			isa = PBXGroup;
			children = (
				93E803381909FDE8004613BA /* BRFirstViewController.h */,
				93E803391909FDE8004613BA /* BRFirstViewController.m */,
				93E8033B1909FDE8004613BA /* BRSecondViewController.h */,
				93E8033C1909FDE8004613BA /* BRSecondViewController.m */,
				933FF0F2190A11B600B86056 /* BRBaseViewController.h */,
				933FF0F3190A11B600B86056 /* BRBaseViewController.m */,
				933FF0F5190A127500B86056 /* BRLoginViewController.h */,
				933FF0F6190A127500B86056 /* BRLoginViewController.m */,
			);
			path = BRViewController;
			sourceTree = "<group>";
		};
		933FF0F8190A3F4100B86056 /* Manager */ = {
			isa = PBXGroup;
			children = (
				933FF13D190A41A400B86056 /* BRWeiboSDKManager.h */,
				933FF13E190A41A400B86056 /* BRWeiboSDKManager.m */,
			);
			path = Manager;
			sourceTree = "<group>";
		};
		933FF11B190A412A00B86056 /* MKNetworkKit */ = {
			isa = PBXGroup;
			children = (
				933FF11C190A412A00B86056 /* Categories */,
				933FF12B190A412A00B86056 /* MKNetworkEngine.h */,
				933FF12C190A412A00B86056 /* MKNetworkEngine.m */,
				933FF12D190A412A00B86056 /* MKNetworkKit.h */,
				933FF12E190A412A00B86056 /* MKNetworkOperation.h */,
				933FF12F190A412A00B86056 /* MKNetworkOperation.m */,
				933FF130190A412A00B86056 /* Reachability */,
			);
			path = MKNetworkKit;
			sourceTree = "<group>";
		};
		933FF11C190A412A00B86056 /* Categories */ = {
			isa = PBXGroup;
			children = (
				933FF11D190A412A00B86056 /* NSAlert+MKNetworkKitAdditions.h */,
				933FF11E190A412A00B86056 /* NSAlert+MKNetworkKitAdditions.m */,
				933FF11F190A412A00B86056 /* NSData+MKBase64.h */,
				933FF120190A412A00B86056 /* NSData+MKBase64.m */,
				933FF121190A412A00B86056 /* NSDate+RFC1123.h */,
				933FF122190A412A00B86056 /* NSDate+RFC1123.m */,
				933FF123190A412A00B86056 /* NSDictionary+RequestEncoding.h */,
				933FF124190A412A00B86056 /* NSDictionary+RequestEncoding.m */,
				933FF125190A412A00B86056 /* NSString+MKNetworkKitAdditions.h */,
				933FF126190A412A00B86056 /* NSString+MKNetworkKitAdditions.m */,
				933FF127190A412A00B86056 /* UIAlertView+MKNetworkKitAdditions.h */,
				933FF128190A412A00B86056 /* UIAlertView+MKNetworkKitAdditions.m */,
				933FF129190A412A00B86056 /* UIImageView+MKNetworkKitAdditions.h */,
				933FF12A190A412A00B86056 /* UIImageView+MKNetworkKitAdditions.m */,
			);
			path = Categories;
			sourceTree = "<group>";
		};
		933FF130190A412A00B86056 /* Reachability */ = {
			isa = PBXGroup;
			children = (
				933FF131190A412A00B86056 /* Reachability.h */,
				933FF132190A412A00B86056 /* Reachability.m */,
			);
			path = Reachability;
			sourceTree = "<group>";
		};
		93E803171909FDE7004613BA = {
			isa = PBXGroup;
			children = (
				93E803291909FDE7004613BA /* BadRenter */,
				93E8034B1909FDE8004613BA /* BadRenterTests */,
				93E803221909FDE7004613BA /* Frameworks */,
				93E803211909FDE7004613BA /* Products */,
			);
			sourceTree = "<group>";
		};
		93E803211909FDE7004613BA /* Products */ = {
			isa = PBXGroup;
			children = (
				93E803201909FDE7004613BA /* BadRenter.app */,
				93E803441909FDE8004613BA /* BadRenterTests.xctest */,
			);
			name = Products;
			sourceTree = "<group>";
		};
		93E803221909FDE7004613BA /* Frameworks */ = {
			isa = PBXGroup;
			children = (
				93E803231909FDE7004613BA /* Foundation.framework */,
				93E803251909FDE7004613BA /* CoreGraphics.framework */,
				93E803271909FDE7004613BA /* UIKit.framework */,
				93E803451909FDE8004613BA /* XCTest.framework */,
			);
			name = Frameworks;
			sourceTree = "<group>";
		};
		93E803291909FDE7004613BA /* BadRenter */ = {
			isa = PBXGroup;
			children = (
				933FF0F8190A3F4100B86056 /* Manager */,
				933FF0F1190A119F00B86056 /* BRViewController */,
				93F1875D190A054F00E43644 /* ThirdPart */,
				93E803321909FDE7004613BA /* BRAppDelegate.h */,
				93E803331909FDE7004613BA /* BRAppDelegate.m */,
				93E803351909FDE8004613BA /* Main.storyboard */,
				93E8033E1909FDE8004613BA /* Images.xcassets */,
				93E8032A1909FDE7004613BA /* Supporting Files */,
				933FF140190A424800B86056 /* BRAppContext.h */,
				933FF141190A424800B86056 /* BRAppContext.m */,
				933FF143190A42BB00B86056 /* BRAppConfig.h */,
				933FF144190A42BB00B86056 /* BRAppConfig.m */,
				933FF146190A431100B86056 /* BRAppUser.h */,
				933FF147190A431100B86056 /* BRAppUser.m */,
			);
			path = BadRenter;
			sourceTree = "<group>";
		};
		93E8032A1909FDE7004613BA /* Supporting Files */ = {
			isa = PBXGroup;
			children = (
				93E8032B1909FDE7004613BA /* BadRenter-Info.plist */,
				93E8032C1909FDE7004613BA /* InfoPlist.strings */,
				93E8032F1909FDE7004613BA /* main.m */,
				93E803311909FDE7004613BA /* BadRenter-Prefix.pch */,
			);
			name = "Supporting Files";
			sourceTree = "<group>";
		};
		93E8034B1909FDE8004613BA /* BadRenterTests */ = {
			isa = PBXGroup;
			children = (
				93E803511909FDE8004613BA /* BadRenterTests.m */,
				93E8034C1909FDE8004613BA /* Supporting Files */,
			);
			path = BadRenterTests;
			sourceTree = "<group>";
		};
		93E8034C1909FDE8004613BA /* Supporting Files */ = {
			isa = PBXGroup;
			children = (
				93E8034D1909FDE8004613BA /* BadRenterTests-Info.plist */,
				93E8034E1909FDE8004613BA /* InfoPlist.strings */,
			);
			name = "Supporting Files";
			sourceTree = "<group>";
		};
		93F1875D190A054F00E43644 /* ThirdPart */ = {
			isa = PBXGroup;
			children = (
				933FF11B190A412A00B86056 /* MKNetworkKit */,
				93F1875E190A054F00E43644 /* libWeiboSDK */,
			);
			path = ThirdPart;
			sourceTree = "<group>";
		};
		93F1875E190A054F00E43644 /* libWeiboSDK */ = {
			isa = PBXGroup;
			children = (
				93F1875F190A054F00E43644 /* libWeiboSDK.a */,
				93F18760190A054F00E43644 /* WeiboSDK.bundle */,
				93F18761190A054F00E43644 /* WeiboSDK.h */,
			);
			path = libWeiboSDK;
			sourceTree = "<group>";
		};
/* End PBXGroup section */

/* Begin PBXNativeTarget section */
		93E8031F1909FDE7004613BA /* BadRenter */ = {
			isa = PBXNativeTarget;
			buildConfigurationList = 93E803551909FDE8004613BA /* Build configuration list for PBXNativeTarget "BadRenter" */;
			buildPhases = (
				93E8031C1909FDE7004613BA /* Sources */,
				93E8031D1909FDE7004613BA /* Frameworks */,
				93E8031E1909FDE7004613BA /* Resources */,
			);
			buildRules = (
			);
			dependencies = (
			);
			name = BadRenter;
			productName = BadRenter;
			productReference = 93E803201909FDE7004613BA /* BadRenter.app */;
			productType = "com.apple.product-type.application";
		};
		93E803431909FDE8004613BA /* BadRenterTests */ = {
			isa = PBXNativeTarget;
			buildConfigurationList = 93E803581909FDE8004613BA /* Build configuration list for PBXNativeTarget "BadRenterTests" */;
			buildPhases = (
				93E803401909FDE8004613BA /* Sources */,
				93E803411909FDE8004613BA /* Frameworks */,
				93E803421909FDE8004613BA /* Resources */,
			);
			buildRules = (
			);
			dependencies = (
				93E8034A1909FDE8004613BA /* PBXTargetDependency */,
			);
			name = BadRenterTests;
			productName = BadRenterTests;
			productReference = 93E803441909FDE8004613BA /* BadRenterTests.xctest */;
			productType = "com.apple.product-type.bundle.unit-test";
		};
/* End PBXNativeTarget section */

/* Begin PBXProject section */
		93E803181909FDE7004613BA /* Project object */ = {
			isa = PBXProject;
			attributes = {
				CLASSPREFIX = BR;
				LastUpgradeCheck = 0510;
				ORGANIZATIONNAME = wangtao;
				TargetAttributes = {
					93E803431909FDE8004613BA = {
						TestTargetID = 93E8031F1909FDE7004613BA;
					};
				};
			};
			buildConfigurationList = 93E8031B1909FDE7004613BA /* Build configuration list for PBXProject "BadRenter" */;
			compatibilityVersion = "Xcode 3.2";
			developmentRegion = English;
			hasScannedForEncodings = 0;
			knownRegions = (
				en,
				Base,
			);
			mainGroup = 93E803171909FDE7004613BA;
			productRefGroup = 93E803211909FDE7004613BA /* Products */;
			projectDirPath = "";
			projectRoot = "";
			targets = (
				93E8031F1909FDE7004613BA /* BadRenter */,
				93E803431909FDE8004613BA /* BadRenterTests */,
			);
		};
/* End PBXProject section */

/* Begin PBXResourcesBuildPhase section */
		93E8031E1909FDE7004613BA /* Resources */ = {
			isa = PBXResourcesBuildPhase;
			buildActionMask = 2147483647;
			files = (
				93E8033F1909FDE8004613BA /* Images.xcassets in Resources */,
				93E8032E1909FDE7004613BA /* InfoPlist.strings in Resources */,
				93E803371909FDE8004613BA /* Main.storyboard in Resources */,
				93F18763190A054F00E43644 /* WeiboSDK.bundle in Resources */,
			);
			runOnlyForDeploymentPostprocessing = 0;
		};
		93E803421909FDE8004613BA /* Resources */ = {
			isa = PBXResourcesBuildPhase;
			buildActionMask = 2147483647;
			files = (
				93E803501909FDE8004613BA /* InfoPlist.strings in Resources */,
			);
			runOnlyForDeploymentPostprocessing = 0;
		};
/* End PBXResourcesBuildPhase section */

/* Begin PBXSourcesBuildPhase section */
		93E8031C1909FDE7004613BA /* Sources */ = {
			isa = PBXSourcesBuildPhase;
			buildActionMask = 2147483647;
			files = (
				933FF0F4190A11B600B86056 /* BRBaseViewController.m in Sources */,
				93E8033A1909FDE8004613BA /* BRFirstViewController.m in Sources */,
				933FF135190A412A00B86056 /* NSDate+RFC1123.m in Sources */,
				933FF13F190A41A400B86056 /* BRWeiboSDKManager.m in Sources */,
				933FF137190A412A00B86056 /* NSString+MKNetworkKitAdditions.m in Sources */,
				933FF13A190A412A00B86056 /* MKNetworkEngine.m in Sources */,
				933FF148190A431100B86056 /* BRAppUser.m in Sources */,
				933FF133190A412A00B86056 /* NSAlert+MKNetworkKitAdditions.m in Sources */,
				933FF13B190A412A00B86056 /* MKNetworkOperation.m in Sources */,
				933FF0F7190A127500B86056 /* BRLoginViewController.m in Sources */,
				933FF136190A412A00B86056 /* NSDictionary+RequestEncoding.m in Sources */,
				93E803341909FDE7004613BA /* BRAppDelegate.m in Sources */,
				933FF142190A424800B86056 /* BRAppContext.m in Sources */,
				933FF13C190A412A00B86056 /* Reachability.m in Sources */,
				93E8033D1909FDE8004613BA /* BRSecondViewController.m in Sources */,
				933FF145190A42BB00B86056 /* BRAppConfig.m in Sources */,
				93E803301909FDE7004613BA /* main.m in Sources */,
				933FF134190A412A00B86056 /* NSData+MKBase64.m in Sources */,
				933FF139190A412A00B86056 /* UIImageView+MKNetworkKitAdditions.m in Sources */,
				933FF138190A412A00B86056 /* UIAlertView+MKNetworkKitAdditions.m in Sources */,
			);
			runOnlyForDeploymentPostprocessing = 0;
		};
		93E803401909FDE8004613BA /* Sources */ = {
			isa = PBXSourcesBuildPhase;
			buildActionMask = 2147483647;
			files = (
				93E803521909FDE8004613BA /* BadRenterTests.m in Sources */,
			);
			runOnlyForDeploymentPostprocessing = 0;
		};
/* End PBXSourcesBuildPhase section */

/* Begin PBXTargetDependency section */
		93E8034A1909FDE8004613BA /* PBXTargetDependency */ = {
			isa = PBXTargetDependency;
			target = 93E8031F1909FDE7004613BA /* BadRenter */;
			targetProxy = 93E803491909FDE8004613BA /* PBXContainerItemProxy */;
		};
/* End PBXTargetDependency section */

/* Begin PBXVariantGroup section */
		93E8032C1909FDE7004613BA /* InfoPlist.strings */ = {
			isa = PBXVariantGroup;
			children = (
				93E8032D1909FDE7004613BA /* en */,
			);
			name = InfoPlist.strings;
			sourceTree = "<group>";
		};
		93E803351909FDE8004613BA /* Main.storyboard */ = {
			isa = PBXVariantGroup;
			children = (
				93E803361909FDE8004613BA /* Base */,
			);
			name = Main.storyboard;
			sourceTree = "<group>";
		};
		93E8034E1909FDE8004613BA /* InfoPlist.strings */ = {
			isa = PBXVariantGroup;
			children = (
				93E8034F1909FDE8004613BA /* en */,
			);
			name = InfoPlist.strings;
			sourceTree = "<group>";
		};
/* End PBXVariantGroup section */

/* Begin XCBuildConfiguration section */
		93E803531909FDE8004613BA /* Debug */ = {
			isa = XCBuildConfiguration;
			buildSettings = {
				ALWAYS_SEARCH_USER_PATHS = NO;
				CLANG_CXX_LANGUAGE_STANDARD = "gnu++0x";
				CLANG_CXX_LIBRARY = "libc++";
				CLANG_ENABLE_MODULES = YES;
				CLANG_ENABLE_OBJC_ARC = YES;
				CLANG_WARN_BOOL_CONVERSION = YES;
				CLANG_WARN_CONSTANT_CONVERSION = YES;
				CLANG_WARN_DIRECT_OBJC_ISA_USAGE = YES_ERROR;
				CLANG_WARN_EMPTY_BODY = YES;
				CLANG_WARN_ENUM_CONVERSION = YES;
				CLANG_WARN_INT_CONVERSION = YES;
				CLANG_WARN_OBJC_ROOT_CLASS = YES_ERROR;
				CLANG_WARN__DUPLICATE_METHOD_MATCH = YES;
				"CODE_SIGN_IDENTITY[sdk=iphoneos*]" = "iPhone Developer";
				COPY_PHASE_STRIP = NO;
				GCC_C_LANGUAGE_STANDARD = gnu99;
				GCC_DYNAMIC_NO_PIC = NO;
				GCC_OPTIMIZATION_LEVEL = 0;
				GCC_PREPROCESSOR_DEFINITIONS = (
					"DEBUG=1",
					"$(inherited)",
				);
				GCC_SYMBOLS_PRIVATE_EXTERN = NO;
				GCC_WARN_64_TO_32_BIT_CONVERSION = YES;
				GCC_WARN_ABOUT_RETURN_TYPE = YES_ERROR;
				GCC_WARN_UNDECLARED_SELECTOR = YES;
				GCC_WARN_UNINITIALIZED_AUTOS = YES_AGGRESSIVE;
				GCC_WARN_UNUSED_FUNCTION = YES;
				GCC_WARN_UNUSED_VARIABLE = YES;
				IPHONEOS_DEPLOYMENT_TARGET = 7.1;
				ONLY_ACTIVE_ARCH = YES;
				SDKROOT = iphoneos;
			};
			name = Debug;
		};
		93E803541909FDE8004613BA /* Release */ = {
			isa = XCBuildConfiguration;
			buildSettings = {
				ALWAYS_SEARCH_USER_PATHS = NO;
				CLANG_CXX_LANGUAGE_STANDARD = "gnu++0x";
				CLANG_CXX_LIBRARY = "libc++";
				CLANG_ENABLE_MODULES = YES;
				CLANG_ENABLE_OBJC_ARC = YES;
				CLANG_WARN_BOOL_CONVERSION = YES;
				CLANG_WARN_CONSTANT_CONVERSION = YES;
				CLANG_WARN_DIRECT_OBJC_ISA_USAGE = YES_ERROR;
				CLANG_WARN_EMPTY_BODY = YES;
				CLANG_WARN_ENUM_CONVERSION = YES;
				CLANG_WARN_INT_CONVERSION = YES;
				CLANG_WARN_OBJC_ROOT_CLASS = YES_ERROR;
				CLANG_WARN__DUPLICATE_METHOD_MATCH = YES;
				"CODE_SIGN_IDENTITY[sdk=iphoneos*]" = "iPhone Developer";
				COPY_PHASE_STRIP = YES;
				ENABLE_NS_ASSERTIONS = NO;
				GCC_C_LANGUAGE_STANDARD = gnu99;
				GCC_WARN_64_TO_32_BIT_CONVERSION = YES;
				GCC_WARN_ABOUT_RETURN_TYPE = YES_ERROR;
				GCC_WARN_UNDECLARED_SELECTOR = YES;
				GCC_WARN_UNINITIALIZED_AUTOS = YES_AGGRESSIVE;
				GCC_WARN_UNUSED_FUNCTION = YES;
				GCC_WARN_UNUSED_VARIABLE = YES;
				IPHONEOS_DEPLOYMENT_TARGET = 7.1;
				SDKROOT = iphoneos;
				VALIDATE_PRODUCT = YES;
			};
			name = Release;
		};
		93E803561909FDE8004613BA /* Debug */ = {
			isa = XCBuildConfiguration;
			buildSettings = {
				ASSETCATALOG_COMPILER_APPICON_NAME = AppIcon;
				ASSETCATALOG_COMPILER_LAUNCHIMAGE_NAME = LaunchImage;
				GCC_PRECOMPILE_PREFIX_HEADER = YES;
				GCC_PREFIX_HEADER = "BadRenter/BadRenter-Prefix.pch";
				INFOPLIST_FILE = "BadRenter/BadRenter-Info.plist";
				IPHONEOS_DEPLOYMENT_TARGET = 6.0;
				LIBRARY_SEARCH_PATHS = (
					"$(inherited)",
					"$(PROJECT_DIR)/BadRenter/ThirdPart/libWeiboSDK",
				);
				PRODUCT_NAME = "$(TARGET_NAME)";
				WRAPPER_EXTENSION = app;
			};
			name = Debug;
		};
		93E803571909FDE8004613BA /* Release */ = {
			isa = XCBuildConfiguration;
			buildSettings = {
				ASSETCATALOG_COMPILER_APPICON_NAME = AppIcon;
				ASSETCATALOG_COMPILER_LAUNCHIMAGE_NAME = LaunchImage;
				GCC_PRECOMPILE_PREFIX_HEADER = YES;
				GCC_PREFIX_HEADER = "BadRenter/BadRenter-Prefix.pch";
				INFOPLIST_FILE = "BadRenter/BadRenter-Info.plist";
				IPHONEOS_DEPLOYMENT_TARGET = 6.0;
				LIBRARY_SEARCH_PATHS = (
					"$(inherited)",
					"$(PROJECT_DIR)/BadRenter/ThirdPart/libWeiboSDK",
				);
				PRODUCT_NAME = "$(TARGET_NAME)";
				WRAPPER_EXTENSION = app;
			};
			name = Release;
		};
		93E803591909FDE8004613BA /* Debug */ = {
			isa = XCBuildConfiguration;
			buildSettings = {
				BUNDLE_LOADER = "$(BUILT_PRODUCTS_DIR)/BadRenter.app/BadRenter";
				FRAMEWORK_SEARCH_PATHS = (
					"$(SDKROOT)/Developer/Library/Frameworks",
					"$(inherited)",
					"$(DEVELOPER_FRAMEWORKS_DIR)",
				);
				GCC_PRECOMPILE_PREFIX_HEADER = YES;
				GCC_PREFIX_HEADER = "BadRenter/BadRenter-Prefix.pch";
				GCC_PREPROCESSOR_DEFINITIONS = (
					"DEBUG=1",
					"$(inherited)",
				);
				INFOPLIST_FILE = "BadRenterTests/BadRenterTests-Info.plist";
				PRODUCT_NAME = "$(TARGET_NAME)";
				TEST_HOST = "$(BUNDLE_LOADER)";
				WRAPPER_EXTENSION = xctest;
			};
			name = Debug;
		};
		93E8035A1909FDE8004613BA /* Release */ = {
			isa = XCBuildConfiguration;
			buildSettings = {
				BUNDLE_LOADER = "$(BUILT_PRODUCTS_DIR)/BadRenter.app/BadRenter";
				FRAMEWORK_SEARCH_PATHS = (
					"$(SDKROOT)/Developer/Library/Frameworks",
					"$(inherited)",
					"$(DEVELOPER_FRAMEWORKS_DIR)",
				);
				GCC_PRECOMPILE_PREFIX_HEADER = YES;
				GCC_PREFIX_HEADER = "BadRenter/BadRenter-Prefix.pch";
				INFOPLIST_FILE = "BadRenterTests/BadRenterTests-Info.plist";
				PRODUCT_NAME = "$(TARGET_NAME)";
				TEST_HOST = "$(BUNDLE_LOADER)";
				WRAPPER_EXTENSION = xctest;
			};
			name = Release;
		};
/* End XCBuildConfiguration section */

/* Begin XCConfigurationList section */
		93E8031B1909FDE7004613BA /* Build configuration list for PBXProject "BadRenter" */ = {
			isa = XCConfigurationList;
			buildConfigurations = (
				93E803531909FDE8004613BA /* Debug */,
				93E803541909FDE8004613BA /* Release */,
			);
			defaultConfigurationIsVisible = 0;
			defaultConfigurationName = Release;
		};
		93E803551909FDE8004613BA /* Build configuration list for PBXNativeTarget "BadRenter" */ = {
			isa = XCConfigurationList;
			buildConfigurations = (
				93E803561909FDE8004613BA /* Debug */,
				93E803571909FDE8004613BA /* Release */,
			);
			defaultConfigurationIsVisible = 0;
			defaultConfigurationName = Release;
		};
		93E803581909FDE8004613BA /* Build configuration list for PBXNativeTarget "BadRenterTests" */ = {
			isa = XCConfigurationList;
			buildConfigurations = (
				93E803591909FDE8004613BA /* Debug */,
				93E8035A1909FDE8004613BA /* Release */,
			);
			defaultConfigurationIsVisible = 0;
			defaultConfigurationName = Release;
		};
/* End XCConfigurationList section */
	};
	rootObject = 93E803181909FDE7004613BA /* Project object */;
}
